
Microsoft Visual Studio Solution File, Format Version 12.00
# Visual Studio Version 17
VisualStudioVersion = 17.1.32210.238
MinimumVisualStudioVersion = 10.0.40219.1
Project("{9092AA53-FB77-4645-B42D-1CCCA6BD08BD}") = "NodejsWebApp1", "NodejsWebApp1.njsproj", "{4B6F1EEB-A1BF-4018-B199-82C479336CDE}"
EndProject
Global
	GlobalSection(SolutionConfigurationPlatforms) = preSolution
		Debug|Any CPU = Debug|Any CPU
		Release|Any CPU = Release|Any CPU
	EndGlobalSection
	GlobalSection(ProjectConfigurationPlatforms) = postSolution
		{4B6F1EEB-A1BF-4018-B199-82C479336CDE}.Debug|Any CPU.ActiveCfg = Debug|Any CPU
		{4B6F1EEB-A1BF-4018-B199-82C479336CDE}.Debug|Any CPU.Build.0 = Debug|Any CPU
		{4B6F1EEB-A1BF-4018-B199-82C479336CDE}.Release|Any CPU.ActiveCfg = Release|Any CPU
		{4B6F1EEB-A1BF-4018-B199-82C479336CDE}.Release|Any CPU.Build.0 = Release|Any CPU
	EndGlobalSection
	GlobalSection(SolutionProperties) = preSolution
		HideSolutionNode = FALSE
	EndGlobalSection
	GlobalSection(ExtensibilityGlobals) = postSolution
		SolutionGuid = {365D4CF3-450E-47B7-B1C9-2FD08BCFF771}
	EndGlobalSection
EndGlobal
